
Microsoft Visual Studio Solution File, Format Version 12.00
# Visual Studio Version 16
VisualStudioVersion = 25.0.1700.6
MinimumVisualStudioVersion = 10.0.40219.1
Project("{FAE04EC0-301F-11D3-BF4B-00C04F79EFBC}") = "02UnderstandingTypes", "02UnderstandingTypes\02UnderstandingTypes.csproj", "{D4E41D43-4686-4FB9-9F6E-EC604D468700}"
EndProject
Project("{FAE04EC0-301F-11D3-BF4B-00C04F79EFBC}") = "Exercise03", "Exercise03\Exercise03.csproj", "{535E03C1-9D19-4553-A9E7-95B34ED209B4}"
EndProject
Global
	GlobalSection(SolutionConfigurationPlatforms) = preSolution
		Debug|Any CPU = Debug|Any CPU
		Release|Any CPU = Release|Any CPU
	EndGlobalSection
	GlobalSection(ProjectConfigurationPlatforms) = postSolution
		{D4E41D43-4686-4FB9-9F6E-EC604D468700}.Debug|Any CPU.ActiveCfg = Debug|Any CPU
		{D4E41D43-4686-4FB9-9F6E-EC604D468700}.Debug|Any CPU.Build.0 = Debug|Any CPU
		{D4E41D43-4686-4FB9-9F6E-EC604D468700}.Release|Any CPU.ActiveCfg = Release|Any CPU
		{D4E41D43-4686-4FB9-9F6E-EC604D468700}.Release|Any CPU.Build.0 = Release|Any CPU
		{535E03C1-9D19-4553-A9E7-95B34ED209B4}.Debug|Any CPU.ActiveCfg = Debug|Any CPU
		{535E03C1-9D19-4553-A9E7-95B34ED209B4}.Debug|Any CPU.Build.0 = Debug|Any CPU
		{535E03C1-9D19-4553-A9E7-95B34ED209B4}.Release|Any CPU.ActiveCfg = Release|Any CPU
		{535E03C1-9D19-4553-A9E7-95B34ED209B4}.Release|Any CPU.Build.0 = Release|Any CPU
	EndGlobalSection
	GlobalSection(SolutionProperties) = preSolution
		HideSolutionNode = FALSE
	EndGlobalSection
	GlobalSection(ExtensibilityGlobals) = postSolution
		SolutionGuid = {52F9C413-9D0C-43AF-AA1E-A745A1166B90}
	EndGlobalSection
	GlobalSection(MonoDevelopProperties) = preSolution
		Policies = $0
		$0.DotNetNamingPolicy = $1
		$1.DirectoryNamespaceAssociation = PrefixedHierarchical
		$0.TextStylePolicy = $2
		$2.inheritsSet = null
		$2.scope = text/x-csharp
		$0.CSharpFormattingPolicy = $3
		$3.scope = text/x-csharp
		$0.TextStylePolicy = $4
		$4.FileWidth = 80
		$4.TabsToSpaces = True
		$4.scope = text/plain
		$0.StandardHeader = $5
	EndGlobalSection
EndGlobal
